
Microsoft Visual Studio Solution File, Format Version 12.00
# Visual Studio Version 16
VisualStudioVersion = 16.0.30114.105
MinimumVisualStudioVersion = 10.0.40219.1
Project("{FAE04EC0-301F-11D3-BF4B-00C04F79EFBC}") = "AutoBhopV2", "AutoBhopV2\AutoBhopV2.csproj", "{4E020EAF-FE16-4724-8833-CD135A42C28B}"
EndProject
Global
	GlobalSection(SolutionConfigurationPlatforms) = preSolution
		Debug|Any CPU = Debug|Any CPU
		Release|Any CPU = Release|Any CPU
	EndGlobalSection
	GlobalSection(ProjectConfigurationPlatforms) = postSolution
		{4E020EAF-FE16-4724-8833-CD135A42C28B}.Debug|Any CPU.ActiveCfg = Debug|Any CPU
		{4E020EAF-FE16-4724-8833-CD135A42C28B}.Debug|Any CPU.Build.0 = Debug|Any CPU
		{4E020EAF-FE16-4724-8833-CD135A42C28B}.Release|Any CPU.ActiveCfg = Release|Any CPU
		{4E020EAF-FE16-4724-8833-CD135A42C28B}.Release|Any CPU.Build.0 = Release|Any CPU
	EndGlobalSection
	GlobalSection(SolutionProperties) = preSolution
		HideSolutionNode = FALSE
	EndGlobalSection
	GlobalSection(ExtensibilityGlobals) = postSolution
		SolutionGuid = {A0466D2C-5A8E-42D3-8BA1-C2C0971B50F1}
	EndGlobalSection
EndGlobal
